
Microsoft Visual Studio Solution File, Format Version 12.00
# Visual Studio 14
VisualStudioVersion = 14.0.25420.1
MinimumVisualStudioVersion = 10.0.40219.1
Project("{FAE04EC0-301F-11D3-BF4B-00C04F79EFBC}") = "A4AeroTest_MVC5", "A4AeroTest_MVC5\A4AeroTest_MVC5.csproj", "{D6082F7E-A5BF-44E9-99CA-239E0BF09E46}"
EndProject
Project("{FAE04EC0-301F-11D3-BF4B-00C04F79EFBC}") = "DAL", "DAL\DAL.csproj", "{3B66F96C-F1F9-4217-BB6F-F16D7F933A92}"
EndProject
Project("{FAE04EC0-301F-11D3-BF4B-00C04F79EFBC}") = "Repository", "Repository\Repository.csproj", "{2BFBA60B-2BDC-4E1C-BE13-9A11DC677484}"
EndProject
Global
	GlobalSection(SolutionConfigurationPlatforms) = preSolution
		Debug|Any CPU = Debug|Any CPU
		Release|Any CPU = Release|Any CPU
	EndGlobalSection
	GlobalSection(ProjectConfigurationPlatforms) = postSolution
		{D6082F7E-A5BF-44E9-99CA-239E0BF09E46}.Debug|Any CPU.ActiveCfg = Debug|Any CPU
		{D6082F7E-A5BF-44E9-99CA-239E0BF09E46}.Debug|Any CPU.Build.0 = Debug|Any CPU
		{D6082F7E-A5BF-44E9-99CA-239E0BF09E46}.Release|Any CPU.ActiveCfg = Release|Any CPU
		{D6082F7E-A5BF-44E9-99CA-239E0BF09E46}.Release|Any CPU.Build.0 = Release|Any CPU
		{3B66F96C-F1F9-4217-BB6F-F16D7F933A92}.Debug|Any CPU.ActiveCfg = Debug|Any CPU
		{3B66F96C-F1F9-4217-BB6F-F16D7F933A92}.Debug|Any CPU.Build.0 = Debug|Any CPU
		{3B66F96C-F1F9-4217-BB6F-F16D7F933A92}.Release|Any CPU.ActiveCfg = Release|Any CPU
		{3B66F96C-F1F9-4217-BB6F-F16D7F933A92}.Release|Any CPU.Build.0 = Release|Any CPU
		{2BFBA60B-2BDC-4E1C-BE13-9A11DC677484}.Debug|Any CPU.ActiveCfg = Debug|Any CPU
		{2BFBA60B-2BDC-4E1C-BE13-9A11DC677484}.Debug|Any CPU.Build.0 = Debug|Any CPU
		{2BFBA60B-2BDC-4E1C-BE13-9A11DC677484}.Release|Any CPU.ActiveCfg = Release|Any CPU
		{2BFBA60B-2BDC-4E1C-BE13-9A11DC677484}.Release|Any CPU.Build.0 = Release|Any CPU
	EndGlobalSection
	GlobalSection(SolutionProperties) = preSolution
		HideSolutionNode = FALSE
	EndGlobalSection
EndGlobal
